
Microsoft Visual Studio Solution File, Format Version 12.00
# Visual Studio Version 16
VisualStudioVersion = 16.0.29806.167
MinimumVisualStudioVersion = 10.0.40219.1
Project("{9A19103F-16F7-4668-BE54-9A1E7A4F7556}") = "TypeConversion", "TypeConversion\TypeConversion.csproj", "{47945E40-798C-4ED4-9255-19F38C4E3B1D}"
EndProject
Project("{2150E333-8FDC-42A3-9474-1A3956D46DE8}") = "3", "3", "{D0718276-0905-4AAA-9C19-49C13825DB3C}"
EndProject
Project("{9A19103F-16F7-4668-BE54-9A1E7A4F7556}") = "Calculator", "Calculator\Calculator.csproj", "{38E0283F-37D7-4B85-B2B9-5E0182751F65}"
EndProject
Project("{9A19103F-16F7-4668-BE54-9A1E7A4F7556}") = "IncrementAndDecrementOperators", "IncrementAndDecrementOperators\IncrementAndDecrementOperators.csproj", "{BBD56261-3C7D-4CFC-9E4B-C7AD6793C0B0}"
EndProject
Project("{FAE04EC0-301F-11D3-BF4B-00C04F79EFBC}") = "BitFlag", "BitFlag\BitFlag.csproj", "{8825A82D-5031-4FAC-B79A-C197145B92DC}"
EndProject
Project("{FAE04EC0-301F-11D3-BF4B-00C04F79EFBC}") = "StringFormatting", "StringFormatting\StringFormatting.csproj", "{834E437A-09ED-4689-AB92-2BBFB9A1F920}"
EndProject
Project("{FAE04EC0-301F-11D3-BF4B-00C04F79EFBC}") = "PrintStudentInfo", "PrintStudentInfo\PrintStudentInfo.csproj", "{E57B291A-1A7A-410E-90E3-8C03A8DDE0C2}"
EndProject
Project("{FAE04EC0-301F-11D3-BF4B-00C04F79EFBC}") = "StringInterpolation", "StringInterpolation\StringInterpolation.csproj", "{12798245-79C0-47B4-8C6B-F77516262DE6}"
EndProject
Project("{FAE04EC0-301F-11D3-BF4B-00C04F79EFBC}") = "GetNumbers", "GetNumbers\GetNumbers.csproj", "{13B8D17A-B645-4163-AC72-F2546BDE63C3}"
EndProject
Global
	GlobalSection(SolutionConfigurationPlatforms) = preSolution
		Debug|Any CPU = Debug|Any CPU
		Release|Any CPU = Release|Any CPU
	EndGlobalSection
	GlobalSection(ProjectConfigurationPlatforms) = postSolution
		{47945E40-798C-4ED4-9255-19F38C4E3B1D}.Debug|Any CPU.ActiveCfg = Debug|Any CPU
		{47945E40-798C-4ED4-9255-19F38C4E3B1D}.Debug|Any CPU.Build.0 = Debug|Any CPU
		{47945E40-798C-4ED4-9255-19F38C4E3B1D}.Release|Any CPU.ActiveCfg = Release|Any CPU
		{47945E40-798C-4ED4-9255-19F38C4E3B1D}.Release|Any CPU.Build.0 = Release|Any CPU
		{38E0283F-37D7-4B85-B2B9-5E0182751F65}.Debug|Any CPU.ActiveCfg = Debug|Any CPU
		{38E0283F-37D7-4B85-B2B9-5E0182751F65}.Debug|Any CPU.Build.0 = Debug|Any CPU
		{38E0283F-37D7-4B85-B2B9-5E0182751F65}.Release|Any CPU.ActiveCfg = Release|Any CPU
		{38E0283F-37D7-4B85-B2B9-5E0182751F65}.Release|Any CPU.Build.0 = Release|Any CPU
		{BBD56261-3C7D-4CFC-9E4B-C7AD6793C0B0}.Debug|Any CPU.ActiveCfg = Debug|Any CPU
		{BBD56261-3C7D-4CFC-9E4B-C7AD6793C0B0}.Debug|Any CPU.Build.0 = Debug|Any CPU
		{BBD56261-3C7D-4CFC-9E4B-C7AD6793C0B0}.Release|Any CPU.ActiveCfg = Release|Any CPU
		{BBD56261-3C7D-4CFC-9E4B-C7AD6793C0B0}.Release|Any CPU.Build.0 = Release|Any CPU
		{8825A82D-5031-4FAC-B79A-C197145B92DC}.Debug|Any CPU.ActiveCfg = Debug|Any CPU
		{8825A82D-5031-4FAC-B79A-C197145B92DC}.Debug|Any CPU.Build.0 = Debug|Any CPU
		{8825A82D-5031-4FAC-B79A-C197145B92DC}.Release|Any CPU.ActiveCfg = Release|Any CPU
		{8825A82D-5031-4FAC-B79A-C197145B92DC}.Release|Any CPU.Build.0 = Release|Any CPU
		{834E437A-09ED-4689-AB92-2BBFB9A1F920}.Debug|Any CPU.ActiveCfg = Debug|Any CPU
		{834E437A-09ED-4689-AB92-2BBFB9A1F920}.Debug|Any CPU.Build.0 = Debug|Any CPU
		{834E437A-09ED-4689-AB92-2BBFB9A1F920}.Release|Any CPU.ActiveCfg = Release|Any CPU
		{834E437A-09ED-4689-AB92-2BBFB9A1F920}.Release|Any CPU.Build.0 = Release|Any CPU
		{E57B291A-1A7A-410E-90E3-8C03A8DDE0C2}.Debug|Any CPU.ActiveCfg = Debug|Any CPU
		{E57B291A-1A7A-410E-90E3-8C03A8DDE0C2}.Debug|Any CPU.Build.0 = Debug|Any CPU
		{E57B291A-1A7A-410E-90E3-8C03A8DDE0C2}.Release|Any CPU.ActiveCfg = Release|Any CPU
		{E57B291A-1A7A-410E-90E3-8C03A8DDE0C2}.Release|Any CPU.Build.0 = Release|Any CPU
		{12798245-79C0-47B4-8C6B-F77516262DE6}.Debug|Any CPU.ActiveCfg = Debug|Any CPU
		{12798245-79C0-47B4-8C6B-F77516262DE6}.Debug|Any CPU.Build.0 = Debug|Any CPU
		{12798245-79C0-47B4-8C6B-F77516262DE6}.Release|Any CPU.ActiveCfg = Release|Any CPU
		{12798245-79C0-47B4-8C6B-F77516262DE6}.Release|Any CPU.Build.0 = Release|Any CPU
		{13B8D17A-B645-4163-AC72-F2546BDE63C3}.Debug|Any CPU.ActiveCfg = Debug|Any CPU
		{13B8D17A-B645-4163-AC72-F2546BDE63C3}.Debug|Any CPU.Build.0 = Debug|Any CPU
		{13B8D17A-B645-4163-AC72-F2546BDE63C3}.Release|Any CPU.ActiveCfg = Release|Any CPU
		{13B8D17A-B645-4163-AC72-F2546BDE63C3}.Release|Any CPU.Build.0 = Release|Any CPU
	EndGlobalSection
	GlobalSection(SolutionProperties) = preSolution
		HideSolutionNode = FALSE
	EndGlobalSection
	GlobalSection(NestedProjects) = preSolution
		{47945E40-798C-4ED4-9255-19F38C4E3B1D} = {D0718276-0905-4AAA-9C19-49C13825DB3C}
		{38E0283F-37D7-4B85-B2B9-5E0182751F65} = {D0718276-0905-4AAA-9C19-49C13825DB3C}
		{BBD56261-3C7D-4CFC-9E4B-C7AD6793C0B0} = {D0718276-0905-4AAA-9C19-49C13825DB3C}
		{8825A82D-5031-4FAC-B79A-C197145B92DC} = {D0718276-0905-4AAA-9C19-49C13825DB3C}
		{834E437A-09ED-4689-AB92-2BBFB9A1F920} = {D0718276-0905-4AAA-9C19-49C13825DB3C}
		{E57B291A-1A7A-410E-90E3-8C03A8DDE0C2} = {D0718276-0905-4AAA-9C19-49C13825DB3C}
		{12798245-79C0-47B4-8C6B-F77516262DE6} = {D0718276-0905-4AAA-9C19-49C13825DB3C}
		{13B8D17A-B645-4163-AC72-F2546BDE63C3} = {D0718276-0905-4AAA-9C19-49C13825DB3C}
	EndGlobalSection
	GlobalSection(ExtensibilityGlobals) = postSolution
		SolutionGuid = {D0E7C2CE-F62B-4F80-90FA-117A8586FB27}
	EndGlobalSection
EndGlobal
